
Microsoft Visual Studio Solution File, Format Version 12.00
# Visual Studio Version 17
VisualStudioVersion = 17.11.35219.272
MinimumVisualStudioVersion = 10.0.40219.1
Project("{FAE04EC0-301F-11D3-BF4B-00C04F79EFBC}") = "RestaurantFrontend", "RestaurantFrontend.csproj", "{4FBE5B65-2F29-4CD9-8CDD-3DBBAAF10A2F}"
EndProject
Global
	GlobalSection(SolutionConfigurationPlatforms) = preSolution
		Debug|Any CPU = Debug|Any CPU
		Release|Any CPU = Release|Any CPU
	EndGlobalSection
	GlobalSection(ProjectConfigurationPlatforms) = postSolution
		{4FBE5B65-2F29-4CD9-8CDD-3DBBAAF10A2F}.Debug|Any CPU.ActiveCfg = Debug|Any CPU
		{4FBE5B65-2F29-4CD9-8CDD-3DBBAAF10A2F}.Debug|Any CPU.Build.0 = Debug|Any CPU
		{4FBE5B65-2F29-4CD9-8CDD-3DBBAAF10A2F}.Release|Any CPU.ActiveCfg = Release|Any CPU
		{4FBE5B65-2F29-4CD9-8CDD-3DBBAAF10A2F}.Release|Any CPU.Build.0 = Release|Any CPU
	EndGlobalSection
	GlobalSection(SolutionProperties) = preSolution
		HideSolutionNode = FALSE
	EndGlobalSection
	GlobalSection(ExtensibilityGlobals) = postSolution
		SolutionGuid = {68B1A55D-B3A7-4E37-AC48-DE0AE5AAAA32}
	EndGlobalSection
EndGlobal
